<Solution>
  <Project Path="VIIDII.AppHost/VIIDII.AppHost.csproj" />
  <Project Path="VIIDII.csproj">
    <Configuration>
      <Name>Debug</Name>
      <Platform>Any CPU</Platform>
    </Configuration>
    <Configuration>
      <Name>Release</Name>
      <Platform>Any CPU</Platform>
    </Configuration>
  </Project>
  <Project Path="VIIDII.ServiceDefaults/VIIDII.ServiceDefaults.csproj" />
</Solution>
