Microsoft Visual Studio Solution File, Format Version 12.00
# Visual Studio Version 17
VisualStudioVersion = 17.5.2.0
MinimumVisualStudioVersion = 10.0.40219.1
Project("{FAE04EC0-301F-11D3-BF4B-00C04F79EFBC}") = "FutaMeetWeb", "FutaMeetWeb.csproj", "{B17C558C-C644-AA1A-490A-888B5ABE54CE}"
EndProject
Global
	GlobalSection(SolutionConfigurationPlatforms) = preSolution
		Debug|Any CPU = Debug|Any CPU
		Release|Any CPU = Release|Any CPU
	EndGlobalSection
	GlobalSection(ProjectConfigurationPlatforms) = postSolution
		{B17C558C-C644-AA1A-490A-888B5ABE54CE}.Debug|Any CPU.ActiveCfg = Debug|Any CPU
		{B17C558C-C644-AA1A-490A-888B5ABE54CE}.Debug|Any CPU.Build.0 = Debug|Any CPU
		{B17C558C-C644-AA1A-490A-888B5ABE54CE}.Release|Any CPU.ActiveCfg = Release|Any CPU
		{B17C558C-C644-AA1A-490A-888B5ABE54CE}.Release|Any CPU.Build.0 = Release|Any CPU
	EndGlobalSection
	GlobalSection(SolutionProperties) = preSolution
		HideSolutionNode = FALSE
	EndGlobalSection
	GlobalSection(ExtensibilityGlobals) = postSolution
		SolutionGuid = {E4177D66-7E75-4722-9626-07145A208764}
	EndGlobalSection
EndGlobal
